
Microsoft Visual Studio Solution File, Format Version 12.00
# Visual Studio 2013
VisualStudioVersion = 12.0.40629.0
MinimumVisualStudioVersion = 10.0.40219.1
Project("{8BC9CEB8-8B4A-11D0-8D11-00A0C91BC942}") = "QuickData", "QuickData\QuickData.vcxproj", "{32940F2E-C24D-40DF-AADD-D132FD04E097}"
EndProject
Project("{8BC9CEB8-8B4A-11D0-8D11-00A0C91BC942}") = "QuickData.Unity", "QuickData.Unity\QuickData.Unity.vcxproj", "{2E938E32-8865-4D57-A259-47B6A0803447}"
EndProject
Project("{FAE04EC0-301F-11D3-BF4B-00C04F79EFBC}") = "QuickData.UX.Lib", "QuickData.UX.Lib\QuickData.UX.Lib.csproj", "{ED4930D8-A6A2-4F2B-93CD-532E33538A28}"
EndProject
Project("{FAE04EC0-301F-11D3-BF4B-00C04F79EFBC}") = "QuickData.UX", "QuickData.UX\QuickData.UX.csproj", "{7257C305-CF20-4828-92CB-C5C5A67E3963}"
EndProject
Project("{8BC9CEB8-8B4A-11D0-8D11-00A0C91BC942}") = "QuickData.CUDA", "QuickData.CUDA\QuickData.CUDA.vcxproj", "{33291E35-08ED-4DC0-828B-6908B14AF949}"
EndProject
Project("{8BC9CEB8-8B4A-11D0-8D11-00A0C91BC942}") = "QuickData.Validate", "QuickData.Validate\QuickData.Validate.vcxproj", "{03934C64-1C7D-4889-82DC-6A1AFF9A257C}"
EndProject
Global
	GlobalSection(SolutionConfigurationPlatforms) = preSolution
		Debug DLL|Any CPU = Debug DLL|Any CPU
		Debug DLL|Mixed Platforms = Debug DLL|Mixed Platforms
		Debug DLL|x64 = Debug DLL|x64
		Debug|Any CPU = Debug|Any CPU
		Debug|Mixed Platforms = Debug|Mixed Platforms
		Debug|x64 = Debug|x64
		Release DLL|Any CPU = Release DLL|Any CPU
		Release DLL|Mixed Platforms = Release DLL|Mixed Platforms
		Release DLL|x64 = Release DLL|x64
		Release|Any CPU = Release|Any CPU
		Release|Mixed Platforms = Release|Mixed Platforms
		Release|x64 = Release|x64
	EndGlobalSection
	GlobalSection(ProjectConfigurationPlatforms) = postSolution
		{32940F2E-C24D-40DF-AADD-D132FD04E097}.Debug DLL|Any CPU.ActiveCfg = Debug|x64
		{32940F2E-C24D-40DF-AADD-D132FD04E097}.Debug DLL|Mixed Platforms.ActiveCfg = Debug|x64
		{32940F2E-C24D-40DF-AADD-D132FD04E097}.Debug DLL|Mixed Platforms.Build.0 = Debug|x64
		{32940F2E-C24D-40DF-AADD-D132FD04E097}.Debug DLL|x64.ActiveCfg = Debug|x64
		{32940F2E-C24D-40DF-AADD-D132FD04E097}.Debug|Any CPU.ActiveCfg = Debug|x64
		{32940F2E-C24D-40DF-AADD-D132FD04E097}.Debug|Mixed Platforms.ActiveCfg = Debug|x64
		{32940F2E-C24D-40DF-AADD-D132FD04E097}.Debug|Mixed Platforms.Build.0 = Debug|x64
		{32940F2E-C24D-40DF-AADD-D132FD04E097}.Debug|x64.ActiveCfg = Debug|x64
		{32940F2E-C24D-40DF-AADD-D132FD04E097}.Debug|x64.Build.0 = Debug|x64
		{32940F2E-C24D-40DF-AADD-D132FD04E097}.Release DLL|Any CPU.ActiveCfg = Release|x64
		{32940F2E-C24D-40DF-AADD-D132FD04E097}.Release DLL|Mixed Platforms.ActiveCfg = Release|x64
		{32940F2E-C24D-40DF-AADD-D132FD04E097}.Release DLL|Mixed Platforms.Build.0 = Release|x64
		{32940F2E-C24D-40DF-AADD-D132FD04E097}.Release DLL|x64.ActiveCfg = Release|x64
		{32940F2E-C24D-40DF-AADD-D132FD04E097}.Release|Any CPU.ActiveCfg = Release|x64
		{32940F2E-C24D-40DF-AADD-D132FD04E097}.Release|Mixed Platforms.ActiveCfg = Release|x64
		{32940F2E-C24D-40DF-AADD-D132FD04E097}.Release|Mixed Platforms.Build.0 = Release|x64
		{32940F2E-C24D-40DF-AADD-D132FD04E097}.Release|x64.ActiveCfg = Release|x64
		{32940F2E-C24D-40DF-AADD-D132FD04E097}.Release|x64.Build.0 = Release|x64
		{2E938E32-8865-4D57-A259-47B6A0803447}.Debug DLL|Any CPU.ActiveCfg = Debug|x64
		{2E938E32-8865-4D57-A259-47B6A0803447}.Debug DLL|Mixed Platforms.ActiveCfg = Debug|x64
		{2E938E32-8865-4D57-A259-47B6A0803447}.Debug DLL|Mixed Platforms.Build.0 = Debug|x64
		{2E938E32-8865-4D57-A259-47B6A0803447}.Debug DLL|x64.ActiveCfg = Debug|x64
		{2E938E32-8865-4D57-A259-47B6A0803447}.Debug DLL|x64.Build.0 = Debug|x64
		{2E938E32-8865-4D57-A259-47B6A0803447}.Debug|Any CPU.ActiveCfg = Debug|x64
		{2E938E32-8865-4D57-A259-47B6A0803447}.Debug|Mixed Platforms.ActiveCfg = Debug|x64
		{2E938E32-8865-4D57-A259-47B6A0803447}.Debug|Mixed Platforms.Build.0 = Debug|x64
		{2E938E32-8865-4D57-A259-47B6A0803447}.Debug|x64.ActiveCfg = Debug|x64
		{2E938E32-8865-4D57-A259-47B6A0803447}.Debug|x64.Build.0 = Debug|x64
		{2E938E32-8865-4D57-A259-47B6A0803447}.Release DLL|Any CPU.ActiveCfg = Release|x64
		{2E938E32-8865-4D57-A259-47B6A0803447}.Release DLL|Mixed Platforms.ActiveCfg = Release|x64
		{2E938E32-8865-4D57-A259-47B6A0803447}.Release DLL|Mixed Platforms.Build.0 = Release|x64
		{2E938E32-8865-4D57-A259-47B6A0803447}.Release DLL|x64.ActiveCfg = Release|x64
		{2E938E32-8865-4D57-A259-47B6A0803447}.Release DLL|x64.Build.0 = Release|x64
		{2E938E32-8865-4D57-A259-47B6A0803447}.Release|Any CPU.ActiveCfg = Release|x64
		{2E938E32-8865-4D57-A259-47B6A0803447}.Release|Mixed Platforms.ActiveCfg = Release|x64
		{2E938E32-8865-4D57-A259-47B6A0803447}.Release|Mixed Platforms.Build.0 = Release|x64
		{2E938E32-8865-4D57-A259-47B6A0803447}.Release|x64.ActiveCfg = Release|x64
		{2E938E32-8865-4D57-A259-47B6A0803447}.Release|x64.Build.0 = Release|x64
		{ED4930D8-A6A2-4F2B-93CD-532E33538A28}.Debug DLL|Any CPU.ActiveCfg = Debug|Any CPU
		{ED4930D8-A6A2-4F2B-93CD-532E33538A28}.Debug DLL|Any CPU.Build.0 = Debug|Any CPU
		{ED4930D8-A6A2-4F2B-93CD-532E33538A28}.Debug DLL|Mixed Platforms.ActiveCfg = Debug|Any CPU
		{ED4930D8-A6A2-4F2B-93CD-532E33538A28}.Debug DLL|Mixed Platforms.Build.0 = Debug|Any CPU
		{ED4930D8-A6A2-4F2B-93CD-532E33538A28}.Debug DLL|x64.ActiveCfg = Debug|Any CPU
		{ED4930D8-A6A2-4F2B-93CD-532E33538A28}.Debug|Any CPU.ActiveCfg = Debug|Any CPU
		{ED4930D8-A6A2-4F2B-93CD-532E33538A28}.Debug|Any CPU.Build.0 = Debug|Any CPU
		{ED4930D8-A6A2-4F2B-93CD-532E33538A28}.Debug|Mixed Platforms.ActiveCfg = Debug|Any CPU
		{ED4930D8-A6A2-4F2B-93CD-532E33538A28}.Debug|Mixed Platforms.Build.0 = Debug|Any CPU
		{ED4930D8-A6A2-4F2B-93CD-532E33538A28}.Debug|x64.ActiveCfg = Debug|Any CPU
		{ED4930D8-A6A2-4F2B-93CD-532E33538A28}.Release DLL|Any CPU.ActiveCfg = Release|Any CPU
		{ED4930D8-A6A2-4F2B-93CD-532E33538A28}.Release DLL|Any CPU.Build.0 = Release|Any CPU
		{ED4930D8-A6A2-4F2B-93CD-532E33538A28}.Release DLL|Mixed Platforms.ActiveCfg = Release|Any CPU
		{ED4930D8-A6A2-4F2B-93CD-532E33538A28}.Release DLL|Mixed Platforms.Build.0 = Release|Any CPU
		{ED4930D8-A6A2-4F2B-93CD-532E33538A28}.Release DLL|x64.ActiveCfg = Release|Any CPU
		{ED4930D8-A6A2-4F2B-93CD-532E33538A28}.Release|Any CPU.ActiveCfg = Release|Any CPU
		{ED4930D8-A6A2-4F2B-93CD-532E33538A28}.Release|Any CPU.Build.0 = Release|Any CPU
		{ED4930D8-A6A2-4F2B-93CD-532E33538A28}.Release|Mixed Platforms.ActiveCfg = Release|Any CPU
		{ED4930D8-A6A2-4F2B-93CD-532E33538A28}.Release|Mixed Platforms.Build.0 = Release|Any CPU
		{ED4930D8-A6A2-4F2B-93CD-532E33538A28}.Release|x64.ActiveCfg = Release|Any CPU
		{ED4930D8-A6A2-4F2B-93CD-532E33538A28}.Release|x64.Build.0 = Release|Any CPU
		{7257C305-CF20-4828-92CB-C5C5A67E3963}.Debug DLL|Any CPU.ActiveCfg = Debug|Any CPU
		{7257C305-CF20-4828-92CB-C5C5A67E3963}.Debug DLL|Any CPU.Build.0 = Debug|Any CPU
		{7257C305-CF20-4828-92CB-C5C5A67E3963}.Debug DLL|Mixed Platforms.ActiveCfg = Debug|Any CPU
		{7257C305-CF20-4828-92CB-C5C5A67E3963}.Debug DLL|Mixed Platforms.Build.0 = Debug|Any CPU
		{7257C305-CF20-4828-92CB-C5C5A67E3963}.Debug DLL|x64.ActiveCfg = Debug|Any CPU
		{7257C305-CF20-4828-92CB-C5C5A67E3963}.Debug|Any CPU.ActiveCfg = Debug|Any CPU
		{7257C305-CF20-4828-92CB-C5C5A67E3963}.Debug|Any CPU.Build.0 = Debug|Any CPU
		{7257C305-CF20-4828-92CB-C5C5A67E3963}.Debug|Mixed Platforms.ActiveCfg = Debug|Any CPU
		{7257C305-CF20-4828-92CB-C5C5A67E3963}.Debug|Mixed Platforms.Build.0 = Debug|Any CPU
		{7257C305-CF20-4828-92CB-C5C5A67E3963}.Debug|x64.ActiveCfg = Debug|Any CPU
		{7257C305-CF20-4828-92CB-C5C5A67E3963}.Release DLL|Any CPU.ActiveCfg = Release|Any CPU
		{7257C305-CF20-4828-92CB-C5C5A67E3963}.Release DLL|Any CPU.Build.0 = Release|Any CPU
		{7257C305-CF20-4828-92CB-C5C5A67E3963}.Release DLL|Mixed Platforms.ActiveCfg = Release|Any CPU
		{7257C305-CF20-4828-92CB-C5C5A67E3963}.Release DLL|Mixed Platforms.Build.0 = Release|Any CPU
		{7257C305-CF20-4828-92CB-C5C5A67E3963}.Release DLL|x64.ActiveCfg = Release|Any CPU
		{7257C305-CF20-4828-92CB-C5C5A67E3963}.Release|Any CPU.ActiveCfg = Release|Any CPU
		{7257C305-CF20-4828-92CB-C5C5A67E3963}.Release|Any CPU.Build.0 = Release|Any CPU
		{7257C305-CF20-4828-92CB-C5C5A67E3963}.Release|Mixed Platforms.ActiveCfg = Release|Any CPU
		{7257C305-CF20-4828-92CB-C5C5A67E3963}.Release|Mixed Platforms.Build.0 = Release|Any CPU
		{7257C305-CF20-4828-92CB-C5C5A67E3963}.Release|x64.ActiveCfg = Release|Any CPU
		{7257C305-CF20-4828-92CB-C5C5A67E3963}.Release|x64.Build.0 = Release|Any CPU
		{33291E35-08ED-4DC0-828B-6908B14AF949}.Debug DLL|Any CPU.ActiveCfg = Debug|Win32
		{33291E35-08ED-4DC0-828B-6908B14AF949}.Debug DLL|Mixed Platforms.ActiveCfg = Debug|Win32
		{33291E35-08ED-4DC0-828B-6908B14AF949}.Debug DLL|x64.ActiveCfg = Debug|x64
		{33291E35-08ED-4DC0-828B-6908B14AF949}.Debug|Any CPU.ActiveCfg = Debug|Win32
		{33291E35-08ED-4DC0-828B-6908B14AF949}.Debug|Mixed Platforms.ActiveCfg = Debug|Win32
		{33291E35-08ED-4DC0-828B-6908B14AF949}.Debug|Mixed Platforms.Build.0 = Debug|Win32
		{33291E35-08ED-4DC0-828B-6908B14AF949}.Debug|x64.ActiveCfg = Debug|x64
		{33291E35-08ED-4DC0-828B-6908B14AF949}.Debug|x64.Build.0 = Debug|x64
		{33291E35-08ED-4DC0-828B-6908B14AF949}.Release DLL|Any CPU.ActiveCfg = Release|Win32
		{33291E35-08ED-4DC0-828B-6908B14AF949}.Release DLL|Mixed Platforms.ActiveCfg = Release|Win32
		{33291E35-08ED-4DC0-828B-6908B14AF949}.Release DLL|x64.ActiveCfg = Release|x64
		{33291E35-08ED-4DC0-828B-6908B14AF949}.Release|Any CPU.ActiveCfg = Release|Win32
		{33291E35-08ED-4DC0-828B-6908B14AF949}.Release|Mixed Platforms.ActiveCfg = Release|Win32
		{33291E35-08ED-4DC0-828B-6908B14AF949}.Release|Mixed Platforms.Build.0 = Release|Win32
		{33291E35-08ED-4DC0-828B-6908B14AF949}.Release|x64.ActiveCfg = Release|x64
		{33291E35-08ED-4DC0-828B-6908B14AF949}.Release|x64.Build.0 = Release|x64
		{03934C64-1C7D-4889-82DC-6A1AFF9A257C}.Debug DLL|Any CPU.ActiveCfg = Debug DLL|x64
		{03934C64-1C7D-4889-82DC-6A1AFF9A257C}.Debug DLL|Mixed Platforms.ActiveCfg = Debug DLL|x64
		{03934C64-1C7D-4889-82DC-6A1AFF9A257C}.Debug DLL|Mixed Platforms.Build.0 = Debug DLL|x64
		{03934C64-1C7D-4889-82DC-6A1AFF9A257C}.Debug DLL|x64.ActiveCfg = Debug DLL|x64
		{03934C64-1C7D-4889-82DC-6A1AFF9A257C}.Debug DLL|x64.Build.0 = Debug DLL|x64
		{03934C64-1C7D-4889-82DC-6A1AFF9A257C}.Debug|Any CPU.ActiveCfg = Debug|x64
		{03934C64-1C7D-4889-82DC-6A1AFF9A257C}.Debug|Mixed Platforms.ActiveCfg = Debug|x64
		{03934C64-1C7D-4889-82DC-6A1AFF9A257C}.Debug|Mixed Platforms.Build.0 = Debug|x64
		{03934C64-1C7D-4889-82DC-6A1AFF9A257C}.Debug|x64.ActiveCfg = Debug|x64
		{03934C64-1C7D-4889-82DC-6A1AFF9A257C}.Debug|x64.Build.0 = Debug|x64
		{03934C64-1C7D-4889-82DC-6A1AFF9A257C}.Release DLL|Any CPU.ActiveCfg = Release DLL|x64
		{03934C64-1C7D-4889-82DC-6A1AFF9A257C}.Release DLL|Mixed Platforms.ActiveCfg = Release DLL|x64
		{03934C64-1C7D-4889-82DC-6A1AFF9A257C}.Release DLL|Mixed Platforms.Build.0 = Release DLL|x64
		{03934C64-1C7D-4889-82DC-6A1AFF9A257C}.Release DLL|x64.ActiveCfg = Release DLL|x64
		{03934C64-1C7D-4889-82DC-6A1AFF9A257C}.Release DLL|x64.Build.0 = Release DLL|x64
		{03934C64-1C7D-4889-82DC-6A1AFF9A257C}.Release|Any CPU.ActiveCfg = Release|x64
		{03934C64-1C7D-4889-82DC-6A1AFF9A257C}.Release|Mixed Platforms.ActiveCfg = Release|x64
		{03934C64-1C7D-4889-82DC-6A1AFF9A257C}.Release|Mixed Platforms.Build.0 = Release|x64
		{03934C64-1C7D-4889-82DC-6A1AFF9A257C}.Release|x64.ActiveCfg = Release|x64
		{03934C64-1C7D-4889-82DC-6A1AFF9A257C}.Release|x64.Build.0 = Release|x64
	EndGlobalSection
	GlobalSection(SolutionProperties) = preSolution
		HideSolutionNode = FALSE
	EndGlobalSection
EndGlobal
